
Microsoft Visual Studio Solution File, Format Version 12.00
# Visual Studio Version 17
VisualStudioVersion = 17.11.35327.3
MinimumVisualStudioVersion = 10.0.40219.1
Project("{FAE04EC0-301F-11D3-BF4B-00C04F79EFBC}") = "NADRA PROJECT", "NADRA PROJECT\NADRA PROJECT.csproj", "{7251C542-52E0-492B-A001-74671D704199}"
EndProject
Global
	GlobalSection(SolutionConfigurationPlatforms) = preSolution
		Debug|Any CPU = Debug|Any CPU
		Release|Any CPU = Release|Any CPU
	EndGlobalSection
	GlobalSection(ProjectConfigurationPlatforms) = postSolution
		{7251C542-52E0-492B-A001-74671D704199}.Debug|Any CPU.ActiveCfg = Debug|Any CPU
		{7251C542-52E0-492B-A001-74671D704199}.Debug|Any CPU.Build.0 = Debug|Any CPU
		{7251C542-52E0-492B-A001-74671D704199}.Release|Any CPU.ActiveCfg = Release|Any CPU
		{7251C542-52E0-492B-A001-74671D704199}.Release|Any CPU.Build.0 = Release|Any CPU
	EndGlobalSection
	GlobalSection(SolutionProperties) = preSolution
		HideSolutionNode = FALSE
	EndGlobalSection
	GlobalSection(ExtensibilityGlobals) = postSolution
		SolutionGuid = {4D4C1312-8D93-4C2A-99F4-E9E03BFAFEAD}
	EndGlobalSection
EndGlobal
